
Microsoft Visual Studio Solution File, Format Version 12.00
# Visual Studio Version 17
VisualStudioVersion = 17.2.32616.157
MinimumVisualStudioVersion = 10.0.40219.1
Project("{FAE04EC0-301F-11D3-BF4B-00C04F79EFBC}") = "Iwatch", "Iwatch\Iwatch.csproj", "{494A4BC8-6CC8-4F8F-8459-9255D1E45E38}"
EndProject
Global
	GlobalSection(SolutionConfigurationPlatforms) = preSolution
		Debug|Any CPU = Debug|Any CPU
		Release|Any CPU = Release|Any CPU
	EndGlobalSection
	GlobalSection(ProjectConfigurationPlatforms) = postSolution
		{494A4BC8-6CC8-4F8F-8459-9255D1E45E38}.Debug|Any CPU.ActiveCfg = Debug|Any CPU
		{494A4BC8-6CC8-4F8F-8459-9255D1E45E38}.Debug|Any CPU.Build.0 = Debug|Any CPU
		{494A4BC8-6CC8-4F8F-8459-9255D1E45E38}.Release|Any CPU.ActiveCfg = Release|Any CPU
		{494A4BC8-6CC8-4F8F-8459-9255D1E45E38}.Release|Any CPU.Build.0 = Release|Any CPU
	EndGlobalSection
	GlobalSection(SolutionProperties) = preSolution
		HideSolutionNode = FALSE
	EndGlobalSection
	GlobalSection(ExtensibilityGlobals) = postSolution
		SolutionGuid = {64285E20-FFC5-4142-8E53-5C63C258BF05}
	EndGlobalSection
EndGlobal
